
Microsoft Visual Studio Solution File, Format Version 12.00
# Visual Studio Version 17
VisualStudioVersion = 17.13.35919.96 d17.13
MinimumVisualStudioVersion = 10.0.40219.1
Project("{8BC9CEB8-8B4A-11D0-8D11-00A0C91BC942}") = "Project2", "Project2\Project2.vcxproj", "{6C954EB6-C426-4D68-B5B2-7237A553FAD8}"
EndProject
Global
	GlobalSection(SolutionConfigurationPlatforms) = preSolution
		Debug|x64 = Debug|x64
		Debug|x86 = Debug|x86
		Release|x64 = Release|x64
		Release|x86 = Release|x86
	EndGlobalSection
	GlobalSection(ProjectConfigurationPlatforms) = postSolution
		{6C954EB6-C426-4D68-B5B2-7237A553FAD8}.Debug|x64.ActiveCfg = Debug|x64
		{6C954EB6-C426-4D68-B5B2-7237A553FAD8}.Debug|x64.Build.0 = Debug|x64
		{6C954EB6-C426-4D68-B5B2-7237A553FAD8}.Debug|x86.ActiveCfg = Debug|Win32
		{6C954EB6-C426-4D68-B5B2-7237A553FAD8}.Debug|x86.Build.0 = Debug|Win32
		{6C954EB6-C426-4D68-B5B2-7237A553FAD8}.Release|x64.ActiveCfg = Release|x64
		{6C954EB6-C426-4D68-B5B2-7237A553FAD8}.Release|x64.Build.0 = Release|x64
		{6C954EB6-C426-4D68-B5B2-7237A553FAD8}.Release|x86.ActiveCfg = Release|Win32
		{6C954EB6-C426-4D68-B5B2-7237A553FAD8}.Release|x86.Build.0 = Release|Win32
	EndGlobalSection
	GlobalSection(SolutionProperties) = preSolution
		HideSolutionNode = FALSE
	EndGlobalSection
	GlobalSection(ExtensibilityGlobals) = postSolution
		SolutionGuid = {9FD7F8CC-8AC5-4B69-A81A-F719F22073C6}
	EndGlobalSection
EndGlobal
